
Microsoft Visual Studio Solution File, Format Version 12.00
# Visual Studio Version 17
VisualStudioVersion = 17.8.34309.116
MinimumVisualStudioVersion = 10.0.40219.1
Project("{9A19103F-16F7-4668-BE54-9A1E7A4F7556}") = "ArchipelagoRandomizer", "ArchipelagoRandomizer.csproj", "{6ECCB5FA-78E2-455C-BB47-6641550AB28F}"
EndProject
Global
	GlobalSection(SolutionConfigurationPlatforms) = preSolution
		Debug|Any CPU = Debug|Any CPU
		Release|Any CPU = Release|Any CPU
	EndGlobalSection
	GlobalSection(ProjectConfigurationPlatforms) = postSolution
		{6ECCB5FA-78E2-455C-BB47-6641550AB28F}.Debug|Any CPU.ActiveCfg = Debug|Any CPU
		{6ECCB5FA-78E2-455C-BB47-6641550AB28F}.Debug|Any CPU.Build.0 = Debug|Any CPU
		{6ECCB5FA-78E2-455C-BB47-6641550AB28F}.Release|Any CPU.ActiveCfg = Release|Any CPU
		{6ECCB5FA-78E2-455C-BB47-6641550AB28F}.Release|Any CPU.Build.0 = Release|Any CPU
	EndGlobalSection
	GlobalSection(SolutionProperties) = preSolution
		HideSolutionNode = FALSE
	EndGlobalSection
	GlobalSection(ExtensibilityGlobals) = postSolution
		SolutionGuid = {82C0D164-9069-49C5-A830-071DE42C29DD}
	EndGlobalSection
EndGlobal
